<Solution>
  <Folder Name="/ChatInputBox/">
    <Project Path="source/ChatInputBox/ChatInputBox/ChatInputBox.msbuildproj" Type="13b669be-bb05-4ddf-9536-439f39a36129" />
    <Project Path="source/ChatInputBox/ChatInputBoxExample/ChatInputBoxExample.csproj" />
  </Folder>
  <Folder Name="/Solution Items/">
    <File Path=".gitignore" />
    <File Path="README.md" />
    <File Path="CONTRIBUTING.md" />
    <File Path="source/.editorconfig" />
    <File Path="source/Directory.Build.props" />
  </Folder>
  <Folder Name="/Solution Items/Document/">
    <File Path="document/Connection.md" />
    <File Path="document/Design.md" />
    <File Path="document/DevelopingMiaoNet.md" />
    <File Path="document/HowToIssue.md" />
    <File Path="document/CodingStyle.md" />
  </Folder>
  <Project Path="source/MiaoNet.Client/MiaoNet.Client.csproj" />
  <Project Path="source/MiaoNet.Server/MiaoNet.Server.csproj" />
  <Project Path="source/MiaoNet.MockClient/MiaoNet.MockClient.csproj" />
  <Project Path="source/MiaoNet.Shared/MiaoNet.Shared.msbuildproj" Type="13b669be-bb05-4ddf-9536-439f39a36129" />
  <Project Path="source/MiaoNet.UnitTest/MiaoNet.UnitTest.csproj" />
  <Project Path="source/PacketDumpInspector/PacketDumpInspector.csproj" Id="73ff2b1d-e4e2-4e8e-bc81-1436f8a74f35" />
</Solution>
